{
    "version": 3,
    "terraform_version": "0.10.6",
    "serial": 43,
    "lineage": "df09a13c-79c0-4274-a7ac-23a6198b74fa",
    "modules": [
        {
            "path": [
                "root"
            ],
            "outputs": {},
            "resources": {},
            "depends_on": []
        },
        {
            "path": [
                "root",
                "dns"
            ],
            "outputs": {},
            "resources": {
                "cloudflare_record.blog.0": {
                    "type": "cloudflare_record",
                    "depends_on": [],
                    "primary": {
                        "id": "d2a5900cbceac936ddd70a1026d035d7",
                        "attributes": {
                            "domain": "geowa4.software",
                            "hostname": "blog.geowa4.software",
                            "id": "d2a5900cbceac936ddd70a1026d035d7",
                            "name": "blog",
                            "priority": "0",
                            "proxied": "true",
                            "ttl": "1",
                            "type": "A",
                            "value": "52.0.16.118",
                            "zone_id": "fccddef36498df003ae547e800fe0a51"
                        },
                        "meta": {
                            "schema_version": "1"
                        },
                        "tainted": false
                    },
                    "deposed": [],
                    "provider": ""
                },
                "cloudflare_record.blog.1": {
                    "type": "cloudflare_record",
                    "depends_on": [],
                    "primary": {
                        "id": "eb831bd464376793f5bdc1758c3aeb79",
                        "attributes": {
                            "domain": "geowa4.software",
                            "hostname": "blog.geowa4.software",
                            "id": "eb831bd464376793f5bdc1758c3aeb79",
                            "name": "blog",
                            "priority": "0",
                            "proxied": "true",
                            "ttl": "1",
                            "type": "A",
                            "value": "52.1.119.170",
                            "zone_id": "fccddef36498df003ae547e800fe0a51"
                        },
                        "meta": {
                            "schema_version": "1"
                        },
                        "tainted": false
                    },
                    "deposed": [],
                    "provider": ""
                },
                "cloudflare_record.blog.10": {
                    "type": "cloudflare_record",
                    "depends_on": [],
                    "primary": {
                        "id": "db3d1d88f806d3652e9c7f2b4bbf5229",
                        "attributes": {
                            "domain": "geowa4.software",
                            "hostname": "blog.geowa4.software",
                            "id": "db3d1d88f806d3652e9c7f2b4bbf5229",
                            "name": "blog",
                            "priority": "0",
                            "proxied": "true",
                            "ttl": "1",
                            "type": "A",
                            "value": "52.6.3.192",
                            "zone_id": "fccddef36498df003ae547e800fe0a51"
                        },
                        "meta": {
                            "schema_version": "1"
                        },
                        "tainted": false
                    },
                    "deposed": [],
                    "provider": ""
                },
                "cloudflare_record.blog.11": {
                    "type": "cloudflare_record",
                    "depends_on": [],
                    "primary": {
                        "id": "f99d8e427f89dd084c15921984e4a314",
                        "attributes": {
                            "domain": "geowa4.software",
                            "hostname": "blog.geowa4.software",
                            "id": "f99d8e427f89dd084c15921984e4a314",
                            "name": "blog",
                            "priority": "0",
                            "proxied": "true",
                            "ttl": "1",
                            "type": "A",
                            "value": "52.6.46.142",
                            "zone_id": "fccddef36498df003ae547e800fe0a51"
                        },
                        "meta": {
                            "schema_version": "1"
                        },
                        "tainted": false
                    },
                    "deposed": [],
                    "provider": ""
                },
                "cloudflare_record.blog.2": {
                    "type": "cloudflare_record",
                    "depends_on": [],
                    "primary": {
                        "id": "d64bde8cf7e66bff030d562c1c399fac",
                        "attributes": {
                            "domain": "geowa4.software",
                            "hostname": "blog.geowa4.software",
                            "id": "d64bde8cf7e66bff030d562c1c399fac",
                            "name": "blog",
                            "priority": "0",
                            "proxied": "true",
                            "ttl": "1",
                            "type": "A",
                            "value": "52.1.147.205",
                            "zone_id": "fccddef36498df003ae547e800fe0a51"
                        },
                        "meta": {
                            "schema_version": "1"
                        },
                        "tainted": false
                    },
                    "deposed": [],
                    "provider": ""
                },
                "cloudflare_record.blog.3": {
                    "type": "cloudflare_record",
                    "depends_on": [],
                    "primary": {
                        "id": "68d2c8338fb35d1fb01ab12599ed939f",
                        "attributes": {
                            "domain": "geowa4.software",
                            "hostname": "blog.geowa4.software",
                            "id": "68d2c8338fb35d1fb01ab12599ed939f",
                            "name": "blog",
                            "priority": "0",
                            "proxied": "true",
                            "ttl": "1",
                            "type": "A",
                            "value": "52.1.173.203",
                            "zone_id": "fccddef36498df003ae547e800fe0a51"
                        },
                        "meta": {
                            "schema_version": "1"
                        },
                        "tainted": false
                    },
                    "deposed": [],
                    "provider": ""
                },
                "cloudflare_record.blog.4": {
                    "type": "cloudflare_record",
                    "depends_on": [],
                    "primary": {
                        "id": "c0c8fe43f1a93303365fd04c911689b0",
                        "attributes": {
                            "domain": "geowa4.software",
                            "hostname": "blog.geowa4.software",
                            "id": "c0c8fe43f1a93303365fd04c911689b0",
                            "name": "blog",
                            "priority": "0",
                            "proxied": "true",
                            "ttl": "1",
                            "type": "A",
                            "value": "52.4.145.119",
                            "zone_id": "fccddef36498df003ae547e800fe0a51"
                        },
                        "meta": {
                            "schema_version": "1"
                        },
                        "tainted": false
                    },
                    "deposed": [],
                    "provider": ""
                },
                "cloudflare_record.blog.5": {
                    "type": "cloudflare_record",
                    "depends_on": [],
                    "primary": {
                        "id": "e364576eea452afef9298c717f8430c2",
                        "attributes": {
                            "domain": "geowa4.software",
                            "hostname": "blog.geowa4.software",
                            "id": "e364576eea452afef9298c717f8430c2",
                            "name": "blog",
                            "priority": "0",
                            "proxied": "true",
                            "ttl": "1",
                            "type": "A",
                            "value": "52.4.175.111",
                            "zone_id": "fccddef36498df003ae547e800fe0a51"
                        },
                        "meta": {
                            "schema_version": "1"
                        },
                        "tainted": false
                    },
                    "deposed": [],
                    "provider": ""
                },
                "cloudflare_record.blog.6": {
                    "type": "cloudflare_record",
                    "depends_on": [],
                    "primary": {
                        "id": "62371ec91c4a46c2628defdc1c27f0f8",
                        "attributes": {
                            "domain": "geowa4.software",
                            "hostname": "blog.geowa4.software",
                            "id": "62371ec91c4a46c2628defdc1c27f0f8",
                            "name": "blog",
                            "priority": "0",
                            "proxied": "true",
                            "ttl": "1",
                            "type": "A",
                            "value": "52.4.225.124",
                            "zone_id": "fccddef36498df003ae547e800fe0a51"
                        },
                        "meta": {
                            "schema_version": "1"
                        },
                        "tainted": false
                    },
                    "deposed": [],
                    "provider": ""
                },
                "cloudflare_record.blog.7": {
                    "type": "cloudflare_record",
                    "depends_on": [],
                    "primary": {
                        "id": "41f449fe0cde258ec21a4b0cae5dd6db",
                        "attributes": {
                            "domain": "geowa4.software",
                            "hostname": "blog.geowa4.software",
                            "id": "41f449fe0cde258ec21a4b0cae5dd6db",
                            "name": "blog",
                            "priority": "0",
                            "proxied": "true",
                            "ttl": "1",
                            "type": "A",
                            "value": "52.4.240.221",
                            "zone_id": "fccddef36498df003ae547e800fe0a51"
                        },
                        "meta": {
                            "schema_version": "1"
                        },
                        "tainted": false
                    },
                    "deposed": [],
                    "provider": ""
                },
                "cloudflare_record.blog.8": {
                    "type": "cloudflare_record",
                    "depends_on": [],
                    "primary": {
                        "id": "a183f77ff19aaf4db6e438349ac15a50",
                        "attributes": {
                            "domain": "geowa4.software",
                            "hostname": "blog.geowa4.software",
                            "id": "a183f77ff19aaf4db6e438349ac15a50",
                            "name": "blog",
                            "priority": "0",
                            "proxied": "true",
                            "ttl": "1",
                            "type": "A",
                            "value": "52.4.38.70",
                            "zone_id": "fccddef36498df003ae547e800fe0a51"
                        },
                        "meta": {
                            "schema_version": "1"
                        },
                        "tainted": false
                    },
                    "deposed": [],
                    "provider": ""
                },
                "cloudflare_record.blog.9": {
                    "type": "cloudflare_record",
                    "depends_on": [],
                    "primary": {
                        "id": "7b529f212e142cbbdcda0129b02b84a4",
                        "attributes": {
                            "domain": "geowa4.software",
                            "hostname": "blog.geowa4.software",
                            "id": "7b529f212e142cbbdcda0129b02b84a4",
                            "name": "blog",
                            "priority": "0",
                            "proxied": "true",
                            "ttl": "1",
                            "type": "A",
                            "value": "52.5.181.79",
                            "zone_id": "fccddef36498df003ae547e800fe0a51"
                        },
                        "meta": {
                            "schema_version": "1"
                        },
                        "tainted": false
                    },
                    "deposed": [],
                    "provider": ""
                },
                "cloudflare_record.fastmail.0": {
                    "type": "cloudflare_record",
                    "depends_on": [],
                    "primary": {
                        "id": "5ffcef935584c9e9e09cdf6f312be179",
                        "attributes": {
                            "domain": "geowa4.software",
                            "hostname": "mesmtp._domainkey.geowa4.software",
                            "id": "5ffcef935584c9e9e09cdf6f312be179",
                            "name": "mesmtp._domainkey",
                            "priority": "0",
                            "proxied": "false",
                            "ttl": "1",
                            "type": "CNAME",
                            "value": "mesmtp.geowa4.software.dkim.fmhosted.com",
                            "zone_id": "fccddef36498df003ae547e800fe0a51"
                        },
                        "meta": {
                            "schema_version": "1"
                        },
                        "tainted": false
                    },
                    "deposed": [],
                    "provider": ""
                },
                "cloudflare_record.fastmail.1": {
                    "type": "cloudflare_record",
                    "depends_on": [],
                    "primary": {
                        "id": "6e2960dd8a005dcc49eb3a29bd29fafa",
                        "attributes": {
                            "domain": "geowa4.software",
                            "hostname": "fm1._domainkey.geowa4.software",
                            "id": "6e2960dd8a005dcc49eb3a29bd29fafa",
                            "name": "fm1._domainkey",
                            "priority": "0",
                            "proxied": "false",
                            "ttl": "1",
                            "type": "CNAME",
                            "value": "fm1.geowa4.software.dkim.fmhosted.com",
                            "zone_id": "fccddef36498df003ae547e800fe0a51"
                        },
                        "meta": {
                            "schema_version": "1"
                        },
                        "tainted": false
                    },
                    "deposed": [],
                    "provider": ""
                },
                "cloudflare_record.fastmail.2": {
                    "type": "cloudflare_record",
                    "depends_on": [],
                    "primary": {
                        "id": "021db89f695e02b52563f54bf639fe38",
                        "attributes": {
                            "domain": "geowa4.software",
                            "hostname": "fm2._domainkey.geowa4.software",
                            "id": "021db89f695e02b52563f54bf639fe38",
                            "name": "fm2._domainkey",
                            "priority": "0",
                            "proxied": "false",
                            "ttl": "1",
                            "type": "CNAME",
                            "value": "fm2.geowa4.software.dkim.fmhosted.com",
                            "zone_id": "fccddef36498df003ae547e800fe0a51"
                        },
                        "meta": {
                            "schema_version": "1"
                        },
                        "tainted": false
                    },
                    "deposed": [],
                    "provider": ""
                },
                "cloudflare_record.fastmail.3": {
                    "type": "cloudflare_record",
                    "depends_on": [],
                    "primary": {
                        "id": "8f14456da37954c335d6e81d38b06e2c",
                        "attributes": {
                            "domain": "geowa4.software",
                            "hostname": "fm3._domainkey.geowa4.software",
                            "id": "8f14456da37954c335d6e81d38b06e2c",
                            "name": "fm3._domainkey",
                            "priority": "0",
                            "proxied": "false",
                            "ttl": "1",
                            "type": "CNAME",
                            "value": "fm3.geowa4.software.dkim.fmhosted.com",
                            "zone_id": "fccddef36498df003ae547e800fe0a51"
                        },
                        "meta": {
                            "schema_version": "1"
                        },
                        "tainted": false
                    },
                    "deposed": [],
                    "provider": ""
                },
                "cloudflare_record.keybase": {
                    "type": "cloudflare_record",
                    "depends_on": [],
                    "primary": {
                        "id": "1e6d3c1ae194fa11cc8059e2daf7ce24",
                        "attributes": {
                            "domain": "geowa4.software",
                            "hostname": "geowa4.software",
                            "id": "1e6d3c1ae194fa11cc8059e2daf7ce24",
                            "name": "@",
                            "priority": "0",
                            "proxied": "false",
                            "ttl": "1",
                            "type": "TXT",
                            "value": "keybase-site-verification=_29hu-ki59HQxni1r1iGCpXXikYZbbsWLdGMYcPE07g",
                            "zone_id": "fccddef36498df003ae547e800fe0a51"
                        },
                        "meta": {
                            "schema_version": "1"
                        },
                        "tainted": false
                    },
                    "deposed": [],
                    "provider": ""
                },
                "cloudflare_record.mx.0": {
                    "type": "cloudflare_record",
                    "depends_on": [],
                    "primary": {
                        "id": "6eac46fd3decef779d96f0a1e5ec4b7e",
                        "attributes": {
                            "domain": "geowa4.software",
                            "hostname": "geowa4.software",
                            "id": "6eac46fd3decef779d96f0a1e5ec4b7e",
                            "name": "@",
                            "priority": "10",
                            "proxied": "false",
                            "ttl": "1",
                            "type": "MX",
                            "value": "in1-smtp.messagingengine.com",
                            "zone_id": "fccddef36498df003ae547e800fe0a51"
                        },
                        "meta": {
                            "schema_version": "1"
                        },
                        "tainted": false
                    },
                    "deposed": [],
                    "provider": ""
                },
                "cloudflare_record.mx.1": {
                    "type": "cloudflare_record",
                    "depends_on": [],
                    "primary": {
                        "id": "9c3f9ffc94fffff62070b81dce5b00b3",
                        "attributes": {
                            "domain": "geowa4.software",
                            "hostname": "geowa4.software",
                            "id": "9c3f9ffc94fffff62070b81dce5b00b3",
                            "name": "@",
                            "priority": "20",
                            "proxied": "false",
                            "ttl": "1",
                            "type": "MX",
                            "value": "in2-smtp.messagingengine.com",
                            "zone_id": "fccddef36498df003ae547e800fe0a51"
                        },
                        "meta": {
                            "schema_version": "1"
                        },
                        "tainted": false
                    },
                    "deposed": [],
                    "provider": ""
                },
                "cloudflare_record.mx_wildcard.0": {
                    "type": "cloudflare_record",
                    "depends_on": [],
                    "primary": {
                        "id": "42a2c79ad2e49d4e14eebde4b42a1bbc",
                        "attributes": {
                            "domain": "geowa4.software",
                            "hostname": "*.geowa4.software",
                            "id": "42a2c79ad2e49d4e14eebde4b42a1bbc",
                            "name": "*",
                            "priority": "10",
                            "proxied": "false",
                            "ttl": "1",
                            "type": "MX",
                            "value": "in1-smtp.messagingengine.com",
                            "zone_id": "fccddef36498df003ae547e800fe0a51"
                        },
                        "meta": {
                            "schema_version": "1"
                        },
                        "tainted": false
                    },
                    "deposed": [],
                    "provider": ""
                },
                "cloudflare_record.mx_wildcard.1": {
                    "type": "cloudflare_record",
                    "depends_on": [],
                    "primary": {
                        "id": "4e9693e39d2c13f592a9385b3f745f67",
                        "attributes": {
                            "domain": "geowa4.software",
                            "hostname": "*.geowa4.software",
                            "id": "4e9693e39d2c13f592a9385b3f745f67",
                            "name": "*",
                            "priority": "20",
                            "proxied": "false",
                            "ttl": "1",
                            "type": "MX",
                            "value": "in2-smtp.messagingengine.com",
                            "zone_id": "fccddef36498df003ae547e800fe0a51"
                        },
                        "meta": {
                            "schema_version": "1"
                        },
                        "tainted": false
                    },
                    "deposed": [],
                    "provider": ""
                },
                "cloudflare_record.site.0": {
                    "type": "cloudflare_record",
                    "depends_on": [],
                    "primary": {
                        "id": "36d4f978e94eb4d4c1457b306931a67a",
                        "attributes": {
                            "domain": "geowa4.software",
                            "hostname": "geowa4.software",
                            "id": "36d4f978e94eb4d4c1457b306931a67a",
                            "name": "@",
                            "priority": "0",
                            "proxied": "true",
                            "ttl": "1",
                            "type": "A",
                            "value": "192.30.252.153",
                            "zone_id": "fccddef36498df003ae547e800fe0a51"
                        },
                        "meta": {
                            "schema_version": "1"
                        },
                        "tainted": false
                    },
                    "deposed": [],
                    "provider": ""
                },
                "cloudflare_record.site.1": {
                    "type": "cloudflare_record",
                    "depends_on": [],
                    "primary": {
                        "id": "10c671ba2315103476342833199dedf5",
                        "attributes": {
                            "domain": "geowa4.software",
                            "hostname": "geowa4.software",
                            "id": "10c671ba2315103476342833199dedf5",
                            "name": "@",
                            "priority": "0",
                            "proxied": "true",
                            "ttl": "1",
                            "type": "A",
                            "value": "192.30.252.154",
                            "zone_id": "fccddef36498df003ae547e800fe0a51"
                        },
                        "meta": {
                            "schema_version": "1"
                        },
                        "tainted": false
                    },
                    "deposed": [],
                    "provider": ""
                },
                "cloudflare_record.site_www.0": {
                    "type": "cloudflare_record",
                    "depends_on": [],
                    "primary": {
                        "id": "8d3f5fe98463b374251c6d969a22bcb0",
                        "attributes": {
                            "domain": "geowa4.software",
                            "hostname": "www.geowa4.software",
                            "id": "8d3f5fe98463b374251c6d969a22bcb0",
                            "name": "www",
                            "priority": "0",
                            "proxied": "true",
                            "ttl": "1",
                            "type": "A",
                            "value": "192.30.252.153",
                            "zone_id": "fccddef36498df003ae547e800fe0a51"
                        },
                        "meta": {
                            "schema_version": "1"
                        },
                        "tainted": false
                    },
                    "deposed": [],
                    "provider": ""
                },
                "cloudflare_record.site_www.1": {
                    "type": "cloudflare_record",
                    "depends_on": [],
                    "primary": {
                        "id": "846a60bffd4bb09e5a6b50e53e806063",
                        "attributes": {
                            "domain": "geowa4.software",
                            "hostname": "www.geowa4.software",
                            "id": "846a60bffd4bb09e5a6b50e53e806063",
                            "name": "www",
                            "priority": "0",
                            "proxied": "true",
                            "ttl": "1",
                            "type": "A",
                            "value": "192.30.252.154",
                            "zone_id": "fccddef36498df003ae547e800fe0a51"
                        },
                        "meta": {
                            "schema_version": "1"
                        },
                        "tainted": false
                    },
                    "deposed": [],
                    "provider": ""
                },
                "cloudflare_record.sparkpost_bounce": {
                    "type": "cloudflare_record",
                    "depends_on": [],
                    "primary": {
                        "id": "d081d9be7c14d04715ebb177687d789d",
                        "attributes": {
                            "domain": "geowa4.software",
                            "hostname": "scph0917._domainkey.bounces.geowa4.software",
                            "id": "d081d9be7c14d04715ebb177687d789d",
                            "name": "scph0917._domainkey.bounces",
                            "priority": "0",
                            "proxied": "false",
                            "ttl": "1",
                            "type": "TXT",
                            "value": "v=DKIM1; k=rsa; h=sha256; p=MIGfMA0GCSqGSIb3DQEBAQUAA4GNADCBiQKBgQCsRzEVcOmDuMdjcvCz4XTdxwuXhx7qs9PFHRR2WU8bwfwCLO3nCC5AMdHRMeby3YDH6XqEYIfiw+89cnJR4FA3kY5wr8wQgofNrO68bU0iPoMV4UQb6g1DJ19poUqiRSlEYcpTxkTwbizJEi/smk7EKrQdQJNEqqNSAckpTc9ipQIDAQAB",
                            "zone_id": "fccddef36498df003ae547e800fe0a51"
                        },
                        "meta": {
                            "schema_version": "1"
                        },
                        "tainted": false
                    },
                    "deposed": [],
                    "provider": ""
                },
                "cloudflare_record.sparkpost_bounce_alias": {
                    "type": "cloudflare_record",
                    "depends_on": [],
                    "primary": {
                        "id": "32d464b5d3d49e3221b51eacab5c9839",
                        "attributes": {
                            "domain": "geowa4.software",
                            "hostname": "bounces.geowa4.software",
                            "id": "32d464b5d3d49e3221b51eacab5c9839",
                            "name": "bounces",
                            "priority": "0",
                            "proxied": "false",
                            "ttl": "1",
                            "type": "CNAME",
                            "value": "sparkpostmail.com",
                            "zone_id": "fccddef36498df003ae547e800fe0a51"
                        },
                        "meta": {
                            "schema_version": "1"
                        },
                        "tainted": false
                    },
                    "deposed": [],
                    "provider": ""
                },
                "cloudflare_record.sparkpost_send": {
                    "type": "cloudflare_record",
                    "depends_on": [],
                    "primary": {
                        "id": "ba8aced360e382253a1fda6eda85962a",
                        "attributes": {
                            "domain": "geowa4.software",
                            "hostname": "scph0917._domainkey.geowa4.software",
                            "id": "ba8aced360e382253a1fda6eda85962a",
                            "name": "scph0917._domainkey",
                            "priority": "0",
                            "proxied": "false",
                            "ttl": "1",
                            "type": "TXT",
                            "value": "v=DKIM1; k=rsa; h=sha256; p=MIGfMA0GCSqGSIb3DQEBAQUAA4GNADCBiQKBgQCqFOe1EXQ3p7na5Q8OsfRb7eGNsXjoPu+J5yaQ/uOtNe7ujc8lcwmCyoSbtcgvK8R2rsvr9PE5TBHPFjo1riTt7GR9AwIcIItyR+WNHWvXFQy+w7AQ7pMS7r+dmRAUovY/c6klYUiz0VG6PQWrizVKVGFD5FTUWnQUEqITzS06FwIDAQAB",
                            "zone_id": "fccddef36498df003ae547e800fe0a51"
                        },
                        "meta": {
                            "schema_version": "1"
                        },
                        "tainted": false
                    },
                    "deposed": [],
                    "provider": ""
                }
            },
            "depends_on": []
        }
    ]
}
